
Microsoft Visual Studio Solution File, Format Version 12.00
# Visual Studio Version 16
VisualStudioVersion = 16.0.30011.22
MinimumVisualStudioVersion = 10.0.40219.1
Project("{2150E333-8FDC-42A3-9474-1A3956D46DE8}") = "src", "src", "{8AEEABE2-8E1B-4F10-98C5-46E131293B13}"
EndProject
Project("{2150E333-8FDC-42A3-9474-1A3956D46DE8}") = "Building Blocks", "Building Blocks", "{C98B052F-E98B-422E-800B-7B024BE6E9E7}"
EndProject
Project("{2150E333-8FDC-42A3-9474-1A3956D46DE8}") = "web", "web", "{3F37E40D-B914-4907-BA55-726FA79BCFC3}"
EndProject
Project("{2150E333-8FDC-42A3-9474-1A3956D46DE8}") = "Services", "Services", "{FC8C573C-B2A1-4504-B53F-54A57F4E7684}"
EndProject
Project("{2150E333-8FDC-42A3-9474-1A3956D46DE8}") = "Identidade", "Identidade", "{61A5F847-E9C2-4AA2-B3E9-37B50D5BD798}"
EndProject
Project("{9A19103F-16F7-4668-BE54-9A1E7A4F7556}") = "NSE.Identidade.API", "src\services\NSE.Identidade.API\NSE.Identidade.API.csproj", "{D921FBF4-AF13-4160-817C-DB8440EBB9EF}"
EndProject
Project("{2150E333-8FDC-42A3-9474-1A3956D46DE8}") = "MVC", "MVC", "{CA28F554-1F67-4F2B-9BC7-4BF08B54EF44}"
EndProject
Project("{9A19103F-16F7-4668-BE54-9A1E7A4F7556}") = "NSE.WebApp.MVC", "src\web\NSE.WebApp.MVC\NSE.WebApp.MVC.csproj", "{D726ACB8-D334-40BF-8516-8A2618AA6EDE}"
EndProject
Project("{2150E333-8FDC-42A3-9474-1A3956D46DE8}") = "Core", "Core", "{0DB0C451-E9FE-4C39-90F6-8EC7E09FD837}"
EndProject
Project("{9A19103F-16F7-4668-BE54-9A1E7A4F7556}") = "NSE.Core", "src\building blocks\NSE.Core\NSE.Core.csproj", "{B8BFCC9D-B160-4D8B-B9DF-B05A14A71C4B}"
EndProject
Project("{2150E333-8FDC-42A3-9474-1A3956D46DE8}") = "Carrinho", "Carrinho", "{C38ED051-B366-4242-909E-C6503A644E41}"
EndProject
Project("{9A19103F-16F7-4668-BE54-9A1E7A4F7556}") = "NSE.Carrinho.API", "src\services\NSE.Carrinho.API\NSE.Carrinho.API.csproj", "{A54529E1-9143-45B3-BF7A-92F47B0D7846}"
EndProject
Project("{2150E333-8FDC-42A3-9474-1A3956D46DE8}") = "Catalogo", "Catalogo", "{E5F488EE-F357-4B86-AE3C-4473A0EA96CA}"
EndProject
Project("{9A19103F-16F7-4668-BE54-9A1E7A4F7556}") = "NSE.Catalogo.API", "src\services\NSE.Catalogo.API\NSE.Catalogo.API.csproj", "{9517169D-FE85-4650-A133-090F179FD826}"
EndProject
Project("{2150E333-8FDC-42A3-9474-1A3956D46DE8}") = "Cliente", "Cliente", "{88E59A2C-CA2D-47D5-9A60-8665A7468363}"
EndProject
Project("{9A19103F-16F7-4668-BE54-9A1E7A4F7556}") = "NSE.Cliente.API", "src\services\NSE.Cliente.API\NSE.Cliente.API.csproj", "{43CD7309-9CFF-4D51-8112-2EE5C4C8B19D}"
EndProject
Project("{2150E333-8FDC-42A3-9474-1A3956D46DE8}") = "Pagamento", "Pagamento", "{7F19D69B-DAB5-4962-AE89-6897EFF4147F}"
EndProject
Project("{9A19103F-16F7-4668-BE54-9A1E7A4F7556}") = "NSE.Pagamento.API", "src\services\NSE.Pagamento.API\NSE.Pagamento.API.csproj", "{AE01CE2E-7F02-4EC2-947E-633A02841F1D}"
EndProject
Project("{2150E333-8FDC-42A3-9474-1A3956D46DE8}") = "Pedido", "Pedido", "{84FF4E78-A66C-4308-9834-CD44EB38E187}"
EndProject
Project("{9A19103F-16F7-4668-BE54-9A1E7A4F7556}") = "NSE.Pedido.API", "src\services\NSE.Pedido.API\NSE.Pedido.API.csproj", "{9D9D6F1D-61AA-4E0B-BC02-2EF753481138}"
EndProject
Project("{2150E333-8FDC-42A3-9474-1A3956D46DE8}") = "services", "services", "{355B2943-5FAE-47D8-97EB-3E91D72F9AB2}"
EndProject
Project("{FAE04EC0-301F-11D3-BF4B-00C04F79EFBC}") = "NSE.WebAPI.Core", "src\building blocks\NSE.WebAPI.Core\NSE.WebAPI.Core.csproj", "{49E3FA2A-470E-4D78-89E5-3665253FDC39}"
EndProject
Global
	GlobalSection(SolutionConfigurationPlatforms) = preSolution
		Debug|Any CPU = Debug|Any CPU
		Release|Any CPU = Release|Any CPU
	EndGlobalSection
	GlobalSection(ProjectConfigurationPlatforms) = postSolution
		{D921FBF4-AF13-4160-817C-DB8440EBB9EF}.Debug|Any CPU.ActiveCfg = Debug|Any CPU
		{D921FBF4-AF13-4160-817C-DB8440EBB9EF}.Debug|Any CPU.Build.0 = Debug|Any CPU
		{D921FBF4-AF13-4160-817C-DB8440EBB9EF}.Release|Any CPU.ActiveCfg = Release|Any CPU
		{D921FBF4-AF13-4160-817C-DB8440EBB9EF}.Release|Any CPU.Build.0 = Release|Any CPU
		{D726ACB8-D334-40BF-8516-8A2618AA6EDE}.Debug|Any CPU.ActiveCfg = Debug|Any CPU
		{D726ACB8-D334-40BF-8516-8A2618AA6EDE}.Debug|Any CPU.Build.0 = Debug|Any CPU
		{D726ACB8-D334-40BF-8516-8A2618AA6EDE}.Release|Any CPU.ActiveCfg = Release|Any CPU
		{D726ACB8-D334-40BF-8516-8A2618AA6EDE}.Release|Any CPU.Build.0 = Release|Any CPU
		{B8BFCC9D-B160-4D8B-B9DF-B05A14A71C4B}.Debug|Any CPU.ActiveCfg = Debug|Any CPU
		{B8BFCC9D-B160-4D8B-B9DF-B05A14A71C4B}.Debug|Any CPU.Build.0 = Debug|Any CPU
		{B8BFCC9D-B160-4D8B-B9DF-B05A14A71C4B}.Release|Any CPU.ActiveCfg = Release|Any CPU
		{B8BFCC9D-B160-4D8B-B9DF-B05A14A71C4B}.Release|Any CPU.Build.0 = Release|Any CPU
		{A54529E1-9143-45B3-BF7A-92F47B0D7846}.Debug|Any CPU.ActiveCfg = Debug|Any CPU
		{A54529E1-9143-45B3-BF7A-92F47B0D7846}.Debug|Any CPU.Build.0 = Debug|Any CPU
		{A54529E1-9143-45B3-BF7A-92F47B0D7846}.Release|Any CPU.ActiveCfg = Release|Any CPU
		{A54529E1-9143-45B3-BF7A-92F47B0D7846}.Release|Any CPU.Build.0 = Release|Any CPU
		{9517169D-FE85-4650-A133-090F179FD826}.Debug|Any CPU.ActiveCfg = Debug|Any CPU
		{9517169D-FE85-4650-A133-090F179FD826}.Debug|Any CPU.Build.0 = Debug|Any CPU
		{9517169D-FE85-4650-A133-090F179FD826}.Release|Any CPU.ActiveCfg = Release|Any CPU
		{9517169D-FE85-4650-A133-090F179FD826}.Release|Any CPU.Build.0 = Release|Any CPU
		{43CD7309-9CFF-4D51-8112-2EE5C4C8B19D}.Debug|Any CPU.ActiveCfg = Debug|Any CPU
		{43CD7309-9CFF-4D51-8112-2EE5C4C8B19D}.Debug|Any CPU.Build.0 = Debug|Any CPU
		{43CD7309-9CFF-4D51-8112-2EE5C4C8B19D}.Release|Any CPU.ActiveCfg = Release|Any CPU
		{43CD7309-9CFF-4D51-8112-2EE5C4C8B19D}.Release|Any CPU.Build.0 = Release|Any CPU
		{AE01CE2E-7F02-4EC2-947E-633A02841F1D}.Debug|Any CPU.ActiveCfg = Debug|Any CPU
		{AE01CE2E-7F02-4EC2-947E-633A02841F1D}.Debug|Any CPU.Build.0 = Debug|Any CPU
		{AE01CE2E-7F02-4EC2-947E-633A02841F1D}.Release|Any CPU.ActiveCfg = Release|Any CPU
		{AE01CE2E-7F02-4EC2-947E-633A02841F1D}.Release|Any CPU.Build.0 = Release|Any CPU
		{9D9D6F1D-61AA-4E0B-BC02-2EF753481138}.Debug|Any CPU.ActiveCfg = Debug|Any CPU
		{9D9D6F1D-61AA-4E0B-BC02-2EF753481138}.Debug|Any CPU.Build.0 = Debug|Any CPU
		{9D9D6F1D-61AA-4E0B-BC02-2EF753481138}.Release|Any CPU.ActiveCfg = Release|Any CPU
		{9D9D6F1D-61AA-4E0B-BC02-2EF753481138}.Release|Any CPU.Build.0 = Release|Any CPU
		{49E3FA2A-470E-4D78-89E5-3665253FDC39}.Debug|Any CPU.ActiveCfg = Debug|Any CPU
		{49E3FA2A-470E-4D78-89E5-3665253FDC39}.Debug|Any CPU.Build.0 = Debug|Any CPU
		{49E3FA2A-470E-4D78-89E5-3665253FDC39}.Release|Any CPU.ActiveCfg = Release|Any CPU
		{49E3FA2A-470E-4D78-89E5-3665253FDC39}.Release|Any CPU.Build.0 = Release|Any CPU
	EndGlobalSection
	GlobalSection(SolutionProperties) = preSolution
		HideSolutionNode = FALSE
	EndGlobalSection
	GlobalSection(NestedProjects) = preSolution
		{C98B052F-E98B-422E-800B-7B024BE6E9E7} = {8AEEABE2-8E1B-4F10-98C5-46E131293B13}
		{3F37E40D-B914-4907-BA55-726FA79BCFC3} = {8AEEABE2-8E1B-4F10-98C5-46E131293B13}
		{FC8C573C-B2A1-4504-B53F-54A57F4E7684} = {8AEEABE2-8E1B-4F10-98C5-46E131293B13}
		{61A5F847-E9C2-4AA2-B3E9-37B50D5BD798} = {FC8C573C-B2A1-4504-B53F-54A57F4E7684}
		{D921FBF4-AF13-4160-817C-DB8440EBB9EF} = {61A5F847-E9C2-4AA2-B3E9-37B50D5BD798}
		{CA28F554-1F67-4F2B-9BC7-4BF08B54EF44} = {3F37E40D-B914-4907-BA55-726FA79BCFC3}
		{D726ACB8-D334-40BF-8516-8A2618AA6EDE} = {CA28F554-1F67-4F2B-9BC7-4BF08B54EF44}
		{0DB0C451-E9FE-4C39-90F6-8EC7E09FD837} = {C98B052F-E98B-422E-800B-7B024BE6E9E7}
		{B8BFCC9D-B160-4D8B-B9DF-B05A14A71C4B} = {0DB0C451-E9FE-4C39-90F6-8EC7E09FD837}
		{C38ED051-B366-4242-909E-C6503A644E41} = {FC8C573C-B2A1-4504-B53F-54A57F4E7684}
		{A54529E1-9143-45B3-BF7A-92F47B0D7846} = {C38ED051-B366-4242-909E-C6503A644E41}
		{E5F488EE-F357-4B86-AE3C-4473A0EA96CA} = {FC8C573C-B2A1-4504-B53F-54A57F4E7684}
		{9517169D-FE85-4650-A133-090F179FD826} = {E5F488EE-F357-4B86-AE3C-4473A0EA96CA}
		{88E59A2C-CA2D-47D5-9A60-8665A7468363} = {FC8C573C-B2A1-4504-B53F-54A57F4E7684}
		{43CD7309-9CFF-4D51-8112-2EE5C4C8B19D} = {88E59A2C-CA2D-47D5-9A60-8665A7468363}
		{7F19D69B-DAB5-4962-AE89-6897EFF4147F} = {FC8C573C-B2A1-4504-B53F-54A57F4E7684}
		{AE01CE2E-7F02-4EC2-947E-633A02841F1D} = {7F19D69B-DAB5-4962-AE89-6897EFF4147F}
		{84FF4E78-A66C-4308-9834-CD44EB38E187} = {FC8C573C-B2A1-4504-B53F-54A57F4E7684}
		{9D9D6F1D-61AA-4E0B-BC02-2EF753481138} = {84FF4E78-A66C-4308-9834-CD44EB38E187}
		{355B2943-5FAE-47D8-97EB-3E91D72F9AB2} = {C98B052F-E98B-422E-800B-7B024BE6E9E7}
		{49E3FA2A-470E-4D78-89E5-3665253FDC39} = {355B2943-5FAE-47D8-97EB-3E91D72F9AB2}
	EndGlobalSection
	GlobalSection(ExtensibilityGlobals) = postSolution
		SolutionGuid = {9DA4109A-0250-4986-98A1-4478130FB4D4}
	EndGlobalSection
EndGlobal
